lockfileVersion: '6.0'

settings:
  autoInstallPeers: true
  excludeLinksFromLockfile: false

devDependencies:
  '@lucia-auth/oauth':
    specifier: ^2.0.1
    version: 2.0.1(lucia@2.0.0)
  '@types/node':
    specifier: ^20.4.5
    version: 20.4.5
  lucia:
    specifier: ^2.0.0
    version: 2.0.0
  typescript:
    specifier: ^5.1.6
    version: 5.1.6

packages:

  /@lucia-auth/oauth@2.0.1(lucia@2.0.0):
    resolution: {integrity: sha512-tjrV7H+7OEyWH+wc9g9+APt7u3mU4/vU4QShln+zN/Yepug3TU5EShE7T8x5SUGVcZV9dysOosyezY2AOC9p0A==}
    peerDependencies:
      lucia: ^2.0.0
    dependencies:
      lucia: 2.0.0
    dev: true

  /@types/node@20.4.5:
    resolution: {integrity: sha512-rt40Nk13II9JwQBdeYqmbn2Q6IVTA5uPhvSO+JVqdXw/6/4glI6oR9ezty/A9Hg5u7JH4OmYmuQ+XvjKm0Datg==}
    dev: true

  /lucia@2.0.0:
    resolution: {integrity: sha512-WRBMoZIgTHH6y2bAEHZWgWcMH6tDsQ+wf45juUgmn3ycjipn/e6OGpWki4XSjEuRm50WXghH+2EF9LCjCHUsUw==}
    dev: true

  /typescript@5.1.6:
    resolution: {integrity: sha512-zaWCozRZ6DLEWAWFrVDz1H6FVXzUSfTy5FUMWsQlU8Ym5JP9eO4xkTIROFCQvhQf61z6O/G6ugw3SgAnvvm+HA==}
    engines: {node: '>=14.17'}
    hasBin: true
    dev: true
